github.com/ionic-team/ionicons v6.1.3+incompatible h1:mEsSDTbMfMwPCacO72E1wa5xtihzLRra+LgkbqtxZIE=
github.com/ionic-team/ionicons v6.1.3+incompatible/go.mod h1:3Q2+G3GjYWiyNemHI1VsYsxZxJ2aHVYOq7R+Qd72D2Y=
github.com/yankiwi/tryfossdotcom-content v0.0.0-20230213233015-a2fc200df708 h1:BH7McLQ6VOa5b/v8//q6WZxuZ11Ui27bmR0AvXo4m54=
github.com/yankiwi/tryfossdotcom-content v0.0.0-20230213233015-a2fc200df708/go.mod h1:do6mcdZoVHofh8hETT3AZpgL58pt9DJG5AmEzWY/CZk=
github.com/yankiwi/tryfossdotcom-theme v0.0.0-20230213234515-226d1afbc8c7 h1:ixWAh37n738r1Kl6QF/fAufzUwoxT8UjRChjcLhrs8Y=
github.com/yankiwi/tryfossdotcom-theme v0.0.0-20230213234515-226d1afbc8c7/go.mod h1:AENYkuY3pQo48kg4nOclFHCv0P1rpZfAKaCeFFFT0Iw=
