github.com/yankiwi/tryfossdotcom-content v0.0.0-20230210062141-8ea3a10566b4 h1:+iMhelMRorxfixT/Sb9n5hy/cGMgWHsPU0hmK+o42Rk=
github.com/yankiwi/tryfossdotcom-content v0.0.0-20230210062141-8ea3a10566b4/go.mod h1:do6mcdZoVHofh8hETT3AZpgL58pt9DJG5AmEzWY/CZk=
github.com/yankiwi/tryfossdotcom-theme v0.0.0-20230210061756-6a3a60a13953 h1:cpmXUGDlBN9ld22iufIq8spZUEfW+EJyfTnTjPo0S30=
github.com/yankiwi/tryfossdotcom-theme v0.0.0-20230210061756-6a3a60a13953/go.mod h1:AENYkuY3pQo48kg4nOclFHCv0P1rpZfAKaCeFFFT0Iw=
